PODS:
  - AFNetworking (3.1.0):
    - AFNetworking/NSURLSession (= 3.1.0)
    - AFNetworking/Reachability (= 3.1.0)
    - AFNetworking/Security (= 3.1.0)
    - AFNetworking/Serialization (= 3.1.0)
    - AFNetworking/UIKit (= 3.1.0)
  - AFNetworking/NSURLSession (3.1.0):
    - AFNetworking/Reachability
    - AFNetworking/Security
    - AFNetworking/Serialization
  - AFNetworking/Reachability (3.1.0)
  - AFNetworking/Security (3.1.0)
  - AFNetworking/Serialization (3.1.0)
  - AFNetworking/UIKit (3.1.0):
    - AFNetworking/NSURLSession
  - Mantle (2.1.0):
    - Mantle/extobjc (= 2.1.0)
  - Mantle/extobjc (2.1.0)
  - Realm (2.1.0):
    - Realm/Headers (= 2.1.0)
  - Realm/Headers (2.1.0)
  - SDWebImage (3.8.2):
    - SDWebImage/Core (= 3.8.2)
  - SDWebImage/Core (3.8.2)
  - SVProgressHUD (2.0.4)
  - WXTabBarController (0.1)

DEPENDENCIES:
  - AFNetworking
  - Mantle (~> 2.1)
  - Realm
  - SDWebImage
  - SVProgressHUD
  - WXTabBarController (~> 0.1)

SPEC CHECKSUMS:
  AFNetworking: 5e0e199f73d8626b11e79750991f5d173d1f8b67
  Mantle: 2fa750afa478cd625a94230fbf1c13462f29395b
  Realm: bc829ad0ef3d4eea70c34cfcc3b1704d18d50df1
  SDWebImage: 098e97e6176540799c27e804c96653ee0833d13c
  SVProgressHUD: bfde85ed6c573ea802b9cb37894ed9b629034f1b
  WXTabBarController: 086f2f9e62afebf835e43946bb883d2f8a43aed7

PODFILE CHECKSUM: ffb8ac0690171d5681dabde308009af927f6f5eb

COCOAPODS: 1.1.1
